<?xml version="1.0" encoding="utf-8"?>
<Project ToolsVersion="4.0" xmlns="http://schemas.microsoft.com/developer/msbuild/2003">
  <ItemGroup>
    <Filter Include="mLibHeader">
      <UniqueIdentifier>{4c5526ff-9213-4f4f-80e1-fe88278c8b83}</UniqueIdentifier>
    </Filter>
    <Filter Include="mLibHeader\core-base">
      <UniqueIdentifier>{7f2ee88f-7ae9-4603-a195-060206b4fca4}</UniqueIdentifier>
    </Filter>
    <Filter Include="mLibHeader\application-D3D11">
      <UniqueIdentifier>{51fd6b4c-eb65-4ca3-9e07-0354d892179d}</UniqueIdentifier>
    </Filter>
    <Filter Include="mLibHeader\core-math">
      <UniqueIdentifier>{a8945759-7745-448f-8299-e8590104a310}</UniqueIdentifier>
    </Filter>
    <Filter Include="mLibHeader\core-graphics">
      <UniqueIdentifier>{a5f2d67d-6ed2-49f9-b6e9-76c5ec370d31}</UniqueIdentifier>
    </Filter>
    <Filter Include="mLibHeader\core-util">
      <UniqueIdentifier>{7c48a95c-3305-4d98-8712-c184c644a4a3}</UniqueIdentifier>
    </Filter>
    <Filter Include="mLibHeader\core-mesh">
      <UniqueIdentifier>{bbc9449b-610f-4c73-be00-b2765a505770}</UniqueIdentifier>
    </Filter>
    <Filter Include="mLibHeader\ext-openmesh">
      <UniqueIdentifier>{128df902-dd3b-472d-90b7-9ed764e1cf76}</UniqueIdentifier>
    </Filter>
    <Filter Include="mLibHeader\ext-d3d11font">
      <UniqueIdentifier>{786f6f75-9fa3-4cee-bd72-04eead94dc73}</UniqueIdentifier>
    </Filter>
    <Filter Include="shaders">
      <UniqueIdentifier>{f1788b5b-0906-442e-b1f7-3760d1698a11}</UniqueIdentifier>
    </Filter>
    <Filter Include="mLibHeader\application-base">
      <UniqueIdentifier>{788999c5-3f16-4b1b-a30f-7cd3f171d545}</UniqueIdentifier>
    </Filter>
    <Filter Include="visualize">
      <UniqueIdentifier>{53d900cb-dbdf-49bc-99e2-f2dc6a70e268}</UniqueIdentifier>
    </Filter>
    <Filter Include="kinect">
      <UniqueIdentifier>{c07f7c73-8c01-4440-b766-dfbd29b2d890}</UniqueIdentifier>
    </Filter>
    <Filter Include="mLibHeader\ext-depthcamera">
      <UniqueIdentifier>{2031fa39-fab5-4514-bcb6-5748985b092d}</UniqueIdentifier>
    </Filter>
    <Filter Include="algo">
      <UniqueIdentifier>{5c07260c-18ae-4619-959d-c9ef841fe4a7}</UniqueIdentifier>
    </Filter>
    <Filter Include="input_reader">
      <UniqueIdentifier>{22720d91-d5bc-49a1-b65d-8948508484d7}</UniqueIdentifier>
    </Filter>
    <Filter Include="mLibHeader\ext-cgal">
      <UniqueIdentifier>{a4c38909-b948-45db-909d-280e38bf0245}</UniqueIdentifier>
    </Filter>
    <Filter Include="algo\mesh simplification">
      <UniqueIdentifier>{5e66546d-06c8-463d-83c2-c372bdcaab7a}</UniqueIdentifier>
    </Filter>
    <Filter Include="algo\registration">
      <UniqueIdentifier>{81ca46bf-dc3c-4097-ba7b-9ce561fcf050}</UniqueIdentifier>
    </Filter>
    <Filter Include="algo\registration\as rigid as possible">
      <UniqueIdentifier>{e1b8d276-8a25-43e7-a286-224acf654f63}</UniqueIdentifier>
    </Filter>
    <Filter Include="algo\registration\embedded deformation">
      <UniqueIdentifier>{3ef78849-9f16-4976-90ef-ea33cb87994c}</UniqueIdentifier>
    </Filter>
    <Filter Include="algo\registration\rigid registration">
      <UniqueIdentifier>{b9a48aea-592a-4152-bb5e-3beb74e50087}</UniqueIdentifier>
    </Filter>
    <Filter Include="algo\registration\deformation graph">
      <UniqueIdentifier>{d971d056-c787-4641-b23b-e59871068af5}</UniqueIdentifier>
    </Filter>
    <Filter Include="algo\registration\find correspondences">
      <UniqueIdentifier>{e3268d0a-d09b-4b4c-8441-a59f423826a3}</UniqueIdentifier>
    </Filter>
    <Filter Include="algo\surface mesh">
      <UniqueIdentifier>{dcf7f109-b74a-493f-9039-3aa02c5a9434}</UniqueIdentifier>
    </Filter>
    <Filter Include="algo\helper">
      <UniqueIdentifier>{4d1110bb-fba2-4758-9bba-fd1603def0af}</UniqueIdentifier>
    </Filter>
    <Filter Include="algo\evaluate registration">
      <UniqueIdentifier>{a6c1516d-ac45-4659-a6b9-82a24263f324}</UniqueIdentifier>
    </Filter>
    <Filter Include="visualize\render">
      <UniqueIdentifier>{bfee125b-6f1b-4158-af15-6b56fc1354a8}</UniqueIdentifier>
    </Filter>
    <Filter Include="algo\registration\sequence registration">
      <UniqueIdentifier>{f6a805a5-5044-477b-8d98-558a67278b9a}</UniqueIdentifier>
    </Filter>
  </ItemGroup>
  <ItemGroup>
    <ClInclude Include="src\main.h" />
    <ClInclude Include="src\mLibInclude.h" />
    <ClInclude Include="src\stdafx.h" />
    <ClInclude Include="src\appTest.h" />
    <ClInclude Include="src\appShowKinectData.h" />
    <ClInclude Include="src\visualize\showKinectData.h">
      <Filter>visualize</Filter>
    </ClInclude>
    <ClInclude Include="src\kinect\KinectSensor.h">
      <Filter>kinect</Filter>
    </ClInclude>
    <ClInclude Include="src\kinect\DepthSensor.h">
      <Filter>kinect</Filter>
    </ClInclude>
    <ClInclude Include="mLib\include\ext-openmesh\loader.h">
      <Filter>mLibHeader\ext-openmesh</Filter>
    </ClInclude>
    <ClInclude Include="mLib\include\ext-openmesh\triMesh.h">
      <Filter>mLibHeader\ext-openmesh</Filter>
    </ClInclude>
    <ClInclude Include="mLib\include\ext-d3d11font\D3D11Font.h">
      <Filter>mLibHeader\ext-d3d11font</Filter>
    </ClInclude>
    <ClInclude Include="mLib\include\core-util\binaryDataBuffer.h">
      <Filter>mLibHeader\core-util</Filter>
    </ClInclude>
    <ClInclude Include="mLib\include\core-util\binaryDataCompressor.h">
      <Filter>mLibHeader\core-util</Filter>
    </ClInclude>
    <ClInclude Include="mLib\include\core-util\binaryDataSerialize.h">
      <Filter>mLibHeader\core-util</Filter>
    </ClInclude>
    <ClInclude Include="mLib\include\core-util\binaryDataStream.h">
      <Filter>mLibHeader\core-util</Filter>
    </ClInclude>
    <ClInclude Include="mLib\include\core-util\colorGradient.h">
      <Filter>mLibHeader\core-util</Filter>
    </ClInclude>
    <ClInclude Include="mLib\include\core-util\commandLineReader.h">
      <Filter>mLibHeader\core-util</Filter>
    </ClInclude>
    <ClInclude Include="mLib\include\core-util\directory.h">
      <Filter>mLibHeader\core-util</Filter>
    </ClInclude>
    <ClInclude Include="mLib\include\core-util\eventMap.h">
      <Filter>mLibHeader\core-util</Filter>
    </ClInclude>
    <ClInclude Include="mLib\include\core-util\flagSet.h">
      <Filter>mLibHeader\core-util</Filter>
    </ClInclude>
    <ClInclude Include="mLib\include\core-util\keycodes.h">
      <Filter>mLibHeader\core-util</Filter>
    </ClInclude>
    <ClInclude Include="mLib\include\core-util\nearestNeighborSearch.h">
      <Filter>mLibHeader\core-util</Filter>
    </ClInclude>
    <ClInclude Include="mLib\include\core-util\parameterFile.h">
      <Filter>mLibHeader\core-util</Filter>
    </ClInclude>
    <ClInclude Include="mLib\include\core-util\pipe.h">
      <Filter>mLibHeader\core-util</Filter>
    </ClInclude>
    <ClInclude Include="mLib\include\core-util\sparseGrid3.h">
      <Filter>mLibHeader\core-util</Filter>
    </ClInclude>
    <ClInclude Include="mLib\include\core-util\stringUtil.h">
      <Filter>mLibHeader\core-util</Filter>
    </ClInclude>
    <ClInclude Include="mLib\include\core-util\stringUtilConvert.h">
      <Filter>mLibHeader\core-util</Filter>
    </ClInclude>
    <ClInclude Include="mLib\include\core-util\textWriter.h">
      <Filter>mLibHeader\core-util</Filter>
    </ClInclude>
    <ClInclude Include="mLib\include\core-util\timer.h">
      <Filter>mLibHeader\core-util</Filter>
    </ClInclude>
    <ClInclude Include="mLib\include\core-util\UIConnection.h">
      <Filter>mLibHeader\core-util</Filter>
    </ClInclude>
    <ClInclude Include="mLib\include\core-util\uniformAccelerator.h">
      <Filter>mLibHeader\core-util</Filter>
    </ClInclude>
    <ClInclude Include="mLib\include\core-util\utility.h">
      <Filter>mLibHeader\core-util</Filter>
    </ClInclude>
    <ClInclude Include="mLib\include\core-util\windowsUtil.h">
      <Filter>mLibHeader\core-util</Filter>
    </ClInclude>
    <ClInclude Include="mLib\include\core-mesh\material.h">
      <Filter>mLibHeader\core-mesh</Filter>
    </ClInclude>
    <ClInclude Include="mLib\include\core-mesh\meshData.h">
      <Filter>mLibHeader\core-mesh</Filter>
    </ClInclude>
    <ClInclude Include="mLib\include\core-mesh\meshIO.h">
      <Filter>mLibHeader\core-mesh</Filter>
    </ClInclude>
    <ClInclude Include="mLib\include\core-mesh\meshShapes.h">
      <Filter>mLibHeader\core-mesh</Filter>
    </ClInclude>
    <ClInclude Include="mLib\include\core-mesh\meshUtil.h">
      <Filter>mLibHeader\core-mesh</Filter>
    </ClInclude>
    <ClInclude Include="mLib\include\core-mesh\plyHeader.h">
      <Filter>mLibHeader\core-mesh</Filter>
    </ClInclude>
    <ClInclude Include="mLib\include\core-mesh\pointCloud.h">
      <Filter>mLibHeader\core-mesh</Filter>
    </ClInclude>
    <ClInclude Include="mLib\include\core-mesh\pointCloudIO.h">
      <Filter>mLibHeader\core-mesh</Filter>
    </ClInclude>
    <ClInclude Include="mLib\include\core-mesh\triMesh.h">
      <Filter>mLibHeader\core-mesh</Filter>
    </ClInclude>
    <ClInclude Include="mLib\include\core-mesh\triMeshAccelerator.h">
      <Filter>mLibHeader\core-mesh</Filter>
    </ClInclude>
    <ClInclude Include="mLib\include\core-mesh\triMeshAcceleratorBruteForce.h">
      <Filter>mLibHeader\core-mesh</Filter>
    </ClInclude>
    <ClInclude Include="mLib\include\core-mesh\triMeshAcceleratorBVH.h">
      <Filter>mLibHeader\core-mesh</Filter>
    </ClInclude>
    <ClInclude Include="mLib\include\core-mesh\triMeshAcceleratorBVHMatt.h">
      <Filter>mLibHeader\core-mesh</Filter>
    </ClInclude>
    <ClInclude Include="mLib\include\core-mesh\triMeshCollisionAccelerator.h">
      <Filter>mLibHeader\core-mesh</Filter>
    </ClInclude>
    <ClInclude Include="mLib\include\core-mesh\triMeshRayAccelerator.h">
      <Filter>mLibHeader\core-mesh</Filter>
    </ClInclude>
    <ClInclude Include="mLib\include\core-mesh\triMeshSampler.h">
      <Filter>mLibHeader\core-mesh</Filter>
    </ClInclude>
    <ClInclude Include="mLib\include\core-base\baseImage.h">
      <Filter>mLibHeader\core-base</Filter>
    </ClInclude>
    <ClInclude Include="mLib\include\core-base\baseImageHelper.h">
      <Filter>mLibHeader\core-base</Filter>
    </ClInclude>
    <ClInclude Include="mLib\include\core-base\binaryGrid3.h">
      <Filter>mLibHeader\core-base</Filter>
    </ClInclude>
    <ClInclude Include="mLib\include\core-base\common.h">
      <Filter>mLibHeader\core-base</Filter>
    </ClInclude>
    <ClInclude Include="mLib\include\core-base\distanceField3.h">
      <Filter>mLibHeader\core-base</Filter>
    </ClInclude>
    <ClInclude Include="mLib\include\core-base\grid2.h">
      <Filter>mLibHeader\core-base</Filter>
    </ClInclude>
    <ClInclude Include="mLib\include\core-base\grid3.h">
      <Filter>mLibHeader\core-base</Filter>
    </ClInclude>
    <ClInclude Include="mLib\include\core-base\multiStream.h">
      <Filter>mLibHeader\core-base</Filter>
    </ClInclude>
    <ClInclude Include="mLib\include\core-graphics\boundingBox2.h">
      <Filter>mLibHeader\core-graphics</Filter>
    </ClInclude>
    <ClInclude Include="mLib\include\core-graphics\boundingBox3.h">
      <Filter>mLibHeader\core-graphics</Filter>
    </ClInclude>
    <ClInclude Include="mLib\include\core-graphics\camera.h">
      <Filter>mLibHeader\core-graphics</Filter>
    </ClInclude>
    <ClInclude Include="mLib\include\core-graphics\cameraTrackball.h">
      <Filter>mLibHeader\core-graphics</Filter>
    </ClInclude>
    <ClInclude Include="mLib\include\core-graphics\colorUtils.h">
      <Filter>mLibHeader\core-graphics</Filter>
    </ClInclude>
    <ClInclude Include="mLib\include\core-graphics\cone.h">
      <Filter>mLibHeader\core-graphics</Filter>
    </ClInclude>
    <ClInclude Include="mLib\include\core-graphics\cylinder.h">
      <Filter>mLibHeader\core-graphics</Filter>
    </ClInclude>
    <ClInclude Include="mLib\include\core-graphics\dist.h">
      <Filter>mLibHeader\core-graphics</Filter>
    </ClInclude>
    <ClInclude Include="mLib\include\core-graphics\intersection.h">
      <Filter>mLibHeader\core-graphics</Filter>
    </ClInclude>
    <ClInclude Include="mLib\include\core-graphics\line2.h">
      <Filter>mLibHeader\core-graphics</Filter>
    </ClInclude>
    <ClInclude Include="mLib\include\core-graphics\lineSegment2.h">
      <Filter>mLibHeader\core-graphics</Filter>
    </ClInclude>
    <ClInclude Include="mLib\include\core-graphics\lineSegment3.h">
      <Filter>mLibHeader\core-graphics</Filter>
    </ClInclude>
    <ClInclude Include="mLib\include\core-graphics\orientedBoundingBox2.h">
      <Filter>mLibHeader\core-graphics</Filter>
    </ClInclude>
    <ClInclude Include="mLib\include\core-graphics\orientedBoundingBox3.h">
      <Filter>mLibHeader\core-graphics</Filter>
    </ClInclude>
    <ClInclude Include="mLib\include\core-graphics\plane.h">
      <Filter>mLibHeader\core-graphics</Filter>
    </ClInclude>
    <ClInclude Include="mLib\include\core-graphics\polygon.h">
      <Filter>mLibHeader\core-graphics</Filter>
    </ClInclude>
    <ClInclude Include="mLib\include\core-graphics\ray.h">
      <Filter>mLibHeader\core-graphics</Filter>
    </ClInclude>
    <ClInclude Include="mLib\include\core-graphics\RGBColor.h">
      <Filter>mLibHeader\core-graphics</Filter>
    </ClInclude>
    <ClInclude Include="mLib\include\core-graphics\sphere.h">
      <Filter>mLibHeader\core-graphics</Filter>
    </ClInclude>
    <ClInclude Include="mLib\include\core-graphics\triangle.h">
      <Filter>mLibHeader\core-graphics</Filter>
    </ClInclude>
    <ClInclude Include="mLib\include\core-math\blockedPCA.h">
      <Filter>mLibHeader\core-math</Filter>
    </ClInclude>
    <ClInclude Include="mLib\include\core-math\denseMatrix.h">
      <Filter>mLibHeader\core-math</Filter>
    </ClInclude>
    <ClInclude Include="mLib\include\core-math\eigenSolver.h">
      <Filter>mLibHeader\core-math</Filter>
    </ClInclude>
    <ClInclude Include="mLib\include\core-math\kMeansClustering.h">
      <Filter>mLibHeader\core-math</Filter>
    </ClInclude>
    <ClInclude Include="mLib\include\core-math\linearSolver.h">
      <Filter>mLibHeader\core-math</Filter>
    </ClInclude>
    <ClInclude Include="mLib\include\core-math\mathUtil.h">
      <Filter>mLibHeader\core-math</Filter>
    </ClInclude>
    <ClInclude Include="mLib\include\core-math\mathVector.h">
      <Filter>mLibHeader\core-math</Filter>
    </ClInclude>
    <ClInclude Include="mLib\include\core-math\matrix2x2.h">
      <Filter>mLibHeader\core-math</Filter>
    </ClInclude>
    <ClInclude Include="mLib\include\core-math\matrix3x3.h">
      <Filter>mLibHeader\core-math</Filter>
    </ClInclude>
    <ClInclude Include="mLib\include\core-math\matrix4x4.h">
      <Filter>mLibHeader\core-math</Filter>
    </ClInclude>
    <ClInclude Include="mLib\include\core-math\numericalRecipesTemplates.h">
      <Filter>mLibHeader\core-math</Filter>
    </ClInclude>
    <ClInclude Include="mLib\include\core-math\PCA.h">
      <Filter>mLibHeader\core-math</Filter>
    </ClInclude>
    <ClInclude Include="mLib\include\core-math\quaternion.h">
      <Filter>mLibHeader\core-math</Filter>
    </ClInclude>
    <ClInclude Include="mLib\include\core-math\rng.h">
      <Filter>mLibHeader\core-math</Filter>
    </ClInclude>
    <ClInclude Include="mLib\include\core-math\sampling.h">
      <Filter>mLibHeader\core-math</Filter>
    </ClInclude>
    <ClInclude Include="mLib\include\core-math\sparseMatrix.h">
      <Filter>mLibHeader\core-math</Filter>
    </ClInclude>
    <ClInclude Include="mLib\include\core-math\vec1.h">
      <Filter>mLibHeader\core-math</Filter>
    </ClInclude>
    <ClInclude Include="mLib\include\core-math\vec2.h">
      <Filter>mLibHeader\core-math</Filter>
    </ClInclude>
    <ClInclude Include="mLib\include\core-math\vec3.h">
      <Filter>mLibHeader\core-math</Filter>
    </ClInclude>
    <ClInclude Include="mLib\include\core-math\vec4.h">
      <Filter>mLibHeader\core-math</Filter>
    </ClInclude>
    <ClInclude Include="mLib\include\core-math\vec6.h">
      <Filter>mLibHeader\core-math</Filter>
    </ClInclude>
    <ClInclude Include="mLib\include\application-d3d11\D3D11AssetRenderer.h">
      <Filter>mLibHeader\application-D3D11</Filter>
    </ClInclude>
    <ClInclude Include="mLib\include\application-d3d11\D3D11Buffer.h">
      <Filter>mLibHeader\application-D3D11</Filter>
    </ClInclude>
    <ClInclude Include="mLib\include\application-d3d11\D3D11Canvas2D.h">
      <Filter>mLibHeader\application-D3D11</Filter>
    </ClInclude>
    <ClInclude Include="mLib\include\application-d3d11\D3D11ConstantBuffer.h">
      <Filter>mLibHeader\application-D3D11</Filter>
    </ClInclude>
    <ClInclude Include="mLib\include\application-d3d11\D3D11GeometryShader.h">
      <Filter>mLibHeader\application-D3D11</Filter>
    </ClInclude>
    <ClInclude Include="mLib\include\application-d3d11\D3D11GraphicsDevice.h">
      <Filter>mLibHeader\application-D3D11</Filter>
    </ClInclude>
    <ClInclude Include="mLib\include\application-d3d11\D3D11PixelShader.h">
      <Filter>mLibHeader\application-D3D11</Filter>
    </ClInclude>
    <ClInclude Include="mLib\include\application-d3d11\D3D11PointCloud.h">
      <Filter>mLibHeader\application-D3D11</Filter>
    </ClInclude>
    <ClInclude Include="mLib\include\application-d3d11\D3D11RenderTarget.h">
      <Filter>mLibHeader\application-D3D11</Filter>
    </ClInclude>
    <ClInclude Include="mLib\include\application-d3d11\D3D11ShaderManager.h">
      <Filter>mLibHeader\application-D3D11</Filter>
    </ClInclude>
    <ClInclude Include="mLib\include\application-d3d11\D3D11Texture2D.h">
      <Filter>mLibHeader\application-D3D11</Filter>
    </ClInclude>
    <ClInclude Include="mLib\include\application-d3d11\D3D11Texture3D.h">
      <Filter>mLibHeader\application-D3D11</Filter>
    </ClInclude>
    <ClInclude Include="mLib\include\application-d3d11\D3D11TriMesh.h">
      <Filter>mLibHeader\application-D3D11</Filter>
    </ClInclude>
    <ClInclude Include="mLib\include\application-d3d11\D3D11Utility.h">
      <Filter>mLibHeader\application-D3D11</Filter>
    </ClInclude>
    <ClInclude Include="mLib\include\application-d3d11\D3D11VertexShader.h">
      <Filter>mLibHeader\application-D3D11</Filter>
    </ClInclude>
    <ClInclude Include="mLib\include\application-base\applicationWin32.h">
      <Filter>mLibHeader\application-base</Filter>
    </ClInclude>
    <ClInclude Include="mLib\include\application-base\graphicsAsset.h">
      <Filter>mLibHeader\application-base</Filter>
    </ClInclude>
    <ClInclude Include="mLib\include\application-base\graphicsDevice.h">
      <Filter>mLibHeader\application-base</Filter>
    </ClInclude>
    <ClInclude Include="mLib\include\application-base\windowWin32.h">
      <Filter>mLibHeader\application-base</Filter>
    </ClInclude>
    <ClInclude Include="mLib\include\mLibCore.h">
      <Filter>mLibHeader</Filter>
    </ClInclude>
    <ClInclude Include="mLib\include\mLibD3D11.h">
      <Filter>mLibHeader</Filter>
    </ClInclude>
    <ClInclude Include="mLib\include\mLibBoost.h">
      <Filter>mLibHeader</Filter>
    </ClInclude>
    <ClInclude Include="mLib\include\mLibCGAL.h">
      <Filter>mLibHeader</Filter>
    </ClInclude>
    <ClInclude Include="mLib\include\mLibD3D11Font.h">
      <Filter>mLibHeader</Filter>
    </ClInclude>
    <ClInclude Include="mLib\include\mLibDepthCamera.h">
      <Filter>mLibHeader</Filter>
    </ClInclude>
    <ClInclude Include="mLib\include\mLibEigen.h">
      <Filter>mLibHeader</Filter>
    </ClInclude>
    <ClInclude Include="mLib\include\mLibFLANN.h">
      <Filter>mLibHeader</Filter>
    </ClInclude>
    <ClInclude Include="mLib\include\mLibFreeImage.h">
      <Filter>mLibHeader</Filter>
    </ClInclude>
    <ClInclude Include="mLib\include\mLibLodePNG.h">
      <Filter>mLibHeader</Filter>
    </ClInclude>
    <ClInclude Include="mLib\include\mLibMBase.h">
      <Filter>mLibHeader</Filter>
    </ClInclude>
    <ClInclude Include="mLib\include\mLibOpenMesh.h">
      <Filter>mLibHeader</Filter>
    </ClInclude>
    <ClInclude Include="mLib\include\mLibZLib.h">
      <Filter>mLibHeader</Filter>
    </ClInclude>
    <ClInclude Include="mLib\include\ext-depthcamera\calibratedSensorData.h">
      <Filter>mLibHeader\ext-depthcamera</Filter>
    </ClInclude>
    <ClInclude Include="mLib\include\ext-depthcamera\sensorData.h">
      <Filter>mLibHeader\ext-depthcamera</Filter>
    </ClInclude>
    <ClInclude Include="src\kinect\BinaryDumpReader.h">
      <Filter>kinect</Filter>
    </ClInclude>
    <ClInclude Include="src\kinect\ImageReaderSensor.h">
      <Filter>kinect</Filter>
    </ClInclude>
    <ClInclude Include="src\kinect\PrimeSenseSensor.h">
      <Filter>kinect</Filter>
    </ClInclude>
    <ClInclude Include="src\visualize\i_showData.h">
      <Filter>visualize</Filter>
    </ClInclude>
    <ClInclude Include="src\visualize\showRGBDData.h">
      <Filter>visualize</Filter>
    </ClInclude>
    <ClInclude Include="src\visualize\showRegisterTwoRigideFrames.h">
      <Filter>visualize</Filter>
    </ClInclude>
    <ClInclude Include="src\visualize\showSensData.h">
      <Filter>visualize</Filter>
    </ClInclude>
    <ClInclude Include="src\kinect\DepthSensorWrapper.h">
      <Filter>kinect</Filter>
    </ClInclude>
    <ClInclude Include="src\kinect\SensorDataWrapper.h">
      <Filter>kinect</Filter>
    </ClInclude>
    <ClInclude Include="src\input_reader\depth_image_reader.h">
      <Filter>input_reader</Filter>
    </ClInclude>
    <ClInclude Include="src\input_reader\kinect_reader.h">
      <Filter>input_reader</Filter>
    </ClInclude>
    <ClInclude Include="src\input_reader\i_reader.h">
      <Filter>input_reader</Filter>
    </ClInclude>
    <ClInclude Include="src\visualize\showMesh.h">
      <Filter>visualize</Filter>
    </ClInclude>
    <ClInclude Include="src\input_reader\mesh_reader.h">
      <Filter>input_reader</Filter>
    </ClInclude>
    <ClInclude Include="src\algo\mesh_simplification\mesh_simplification.h">
      <Filter>algo\mesh simplification</Filter>
    </ClInclude>
    <ClInclude Include="src\visualize\constantBuffer.h">
      <Filter>visualize</Filter>
    </ClInclude>
    <ClInclude Include="src\algo\registration\i_registration.h">
      <Filter>algo\registration</Filter>
    </ClInclude>
    <ClInclude Include="src\algo\registration\registration.h">
      <Filter>algo\registration</Filter>
    </ClInclude>
    <ClInclude Include="src\algo\registration\non_rigid_registration_all_frames.h">
      <Filter>algo\registration</Filter>
    </ClInclude>
    <ClInclude Include="src\algo\registration\ceres_option.h">
      <Filter>algo\registration</Filter>
    </ClInclude>
    <ClInclude Include="src\algo\registration\hsv_to_rgb.h">
      <Filter>algo\registration</Filter>
    </ClInclude>
    <ClInclude Include="src\algo\registration\arap\arap.h">
      <Filter>algo\registration\as rigid as possible</Filter>
    </ClInclude>
    <ClInclude Include="src\algo\registration\find_corresponding_points\find_corresponding_points.h">
      <Filter>algo\registration\find correspondences</Filter>
    </ClInclude>
    <ClInclude Include="src\algo\surface_mesh\mesh_definition.h">
      <Filter>algo\surface mesh</Filter>
    </ClInclude>
    <ClInclude Include="src\algo\registration\arap\arap_cost_functions.h">
      <Filter>algo\registration\as rigid as possible</Filter>
    </ClInclude>
    <ClInclude Include="src\algo\registration\embedded_deformation\ed.h">
      <Filter>algo\registration\embedded deformation</Filter>
    </ClInclude>
    <ClInclude Include="src\algo\registration\embedded_deformation\ed_cost_functions.h">
      <Filter>algo\registration\embedded deformation</Filter>
    </ClInclude>
    <ClInclude Include="src\algo\file_writer.h">
      <Filter>algo\helper</Filter>
    </ClInclude>
    <ClInclude Include="src\algo\ceres_iteration_logger.h">
      <Filter>algo\helper</Filter>
    </ClInclude>
    <ClInclude Include="src\algo\evaluate_registration.h">
      <Filter>algo\evaluate registration</Filter>
    </ClInclude>
    <ClInclude Include="src\algo\mesh_knn.h">
      <Filter>algo\evaluate registration</Filter>
    </ClInclude>
    <ClInclude Include="src\algo\ceres_math.h">
      <Filter>algo\registration</Filter>
    </ClInclude>
    <ClInclude Include="src\algo\registration\deformation_graph\deformation_graph.h">
      <Filter>algo\registration\deformation graph</Filter>
    </ClInclude>
    <ClInclude Include="src\algo\surface_mesh\mesh_convertion.h">
      <Filter>algo\surface mesh</Filter>
    </ClInclude>
    <ClInclude Include="src\algo\surface_mesh\nearest_neighbor_search.h">
      <Filter>algo\surface mesh</Filter>
    </ClInclude>
    <ClInclude Include="src\algo\registration\deformation_graph\i_deformation.h">
      <Filter>algo\registration\deformation graph</Filter>
    </ClInclude>
    <ClInclude Include="src\algo\registration\embedded_deformation\ed_deformation.h">
      <Filter>algo\registration\embedded deformation</Filter>
    </ClInclude>
    <ClInclude Include="src\algo\registration\arap\arap_deformation.h">
      <Filter>algo\registration\as rigid as possible</Filter>
    </ClInclude>
    <ClInclude Include="src\algo\registration\rigid_registration\rigid_deformation.h">
      <Filter>algo\registration\rigid registration</Filter>
    </ClInclude>
    <ClInclude Include="src\algo\registration\rigid_registration\rigid_deformation_cost_function.h">
      <Filter>algo\registration\rigid registration</Filter>
    </ClInclude>
    <ClInclude Include="src\algo\registration\rigid_registration\rigid_registration.h">
      <Filter>algo\registration\rigid registration</Filter>
    </ClInclude>
    <ClInclude Include="src\algo\registration\rigid_registration\rigid_deformed_mesh.h">
      <Filter>algo\registration\rigid registration</Filter>
    </ClInclude>
    <ClInclude Include="src\algo\registration\deformation_graph\nearest_nodes.h">
      <Filter>algo\registration\deformation graph</Filter>
    </ClInclude>
    <ClInclude Include="src\algo\registration\deformation_graph\position_and_deformation.h">
      <Filter>algo\registration\deformation graph</Filter>
    </ClInclude>
    <ClInclude Include="src\algo\registration\deformation_graph\deformed_mesh.h">
      <Filter>algo\registration\deformation graph</Filter>
    </ClInclude>
    <ClInclude Include="src\algo\registration\sequence_registration\sequence_registration.h">
      <Filter>algo\registration\sequence registration</Filter>
    </ClInclude>
    <ClInclude Include="src\visualize\render\render_registration.h">
      <Filter>visualize\render</Filter>
    </ClInclude>
    <ClInclude Include="src\visualize\render\render_sequence_registration.h">
      <Filter>visualize\render</Filter>
    </ClInclude>
    <ClInclude Include="src\visualize\render\meshRenderer.h">
      <Filter>visualize\render</Filter>
    </ClInclude>
    <ClInclude Include="src\visualize\render\pointsRenderer.h">
      <Filter>visualize\render</Filter>
    </ClInclude>
    <ClInclude Include="src\visualize\render\render_deformation_graph.h">
      <Filter>visualize\render</Filter>
    </ClInclude>
  </ItemGroup>
  <ItemGroup>
    <ClCompile Include="src\main.cpp" />
    <ClCompile Include="src\mLibSource.cpp" />
    <ClCompile Include="src\stdafx.cpp" />
    <ClCompile Include="src\appTest.cpp" />
    <ClCompile Include="src\appShowKinectData.cpp" />
    <ClCompile Include="src\visualize\showKinectData.cpp">
      <Filter>visualize</Filter>
    </ClCompile>
    <ClCompile Include="src\kinect\KinectSensor.cpp">
      <Filter>kinect</Filter>
    </ClCompile>
    <ClCompile Include="src\kinect\DepthSensor.cpp">
      <Filter>kinect</Filter>
    </ClCompile>
    <ClCompile Include="src\kinect\BinaryDumpReader.cpp">
      <Filter>kinect</Filter>
    </ClCompile>
    <ClCompile Include="src\kinect\ImageReaderSensor.cpp">
      <Filter>kinect</Filter>
    </ClCompile>
    <ClCompile Include="src\kinect\PrimeSenseSensor.cpp">
      <Filter>kinect</Filter>
    </ClCompile>
    <ClCompile Include="src\visualize\showRGBDData.cpp">
      <Filter>visualize</Filter>
    </ClCompile>
    <ClCompile Include="src\visualize\showRegisterTwoRigideFrames.cpp">
      <Filter>visualize</Filter>
    </ClCompile>
    <ClCompile Include="src\visualize\showSensData.cpp">
      <Filter>visualize</Filter>
    </ClCompile>
    <ClCompile Include="src\kinect\DepthSensorWrapper.cpp">
      <Filter>kinect</Filter>
    </ClCompile>
    <ClCompile Include="src\kinect\SensorDataWrapper.cpp">
      <Filter>kinect</Filter>
    </ClCompile>
    <ClCompile Include="src\input_reader\depth_image_reader.cpp">
      <Filter>input_reader</Filter>
    </ClCompile>
    <ClCompile Include="src\input_reader\kinect_reader.cpp">
      <Filter>input_reader</Filter>
    </ClCompile>
    <ClCompile Include="src\visualize\showMesh.cpp">
      <Filter>visualize</Filter>
    </ClCompile>
    <ClCompile Include="src\input_reader\mesh_reader.cpp">
      <Filter>input_reader</Filter>
    </ClCompile>
    <ClCompile Include="src\algo\mesh_simplification\mesh_simplification.cpp">
      <Filter>algo\mesh simplification</Filter>
    </ClCompile>
    <ClCompile Include="src\algo\registration\registration.cpp">
      <Filter>algo\registration</Filter>
    </ClCompile>
    <ClCompile Include="src\algo\registration\ceres_option.cpp">
      <Filter>algo\registration</Filter>
    </ClCompile>
    <ClCompile Include="src\algo\registration\hsv_to_rgb.cpp">
      <Filter>algo\registration</Filter>
    </ClCompile>
    <ClCompile Include="src\algo\registration\arap\arap.cpp">
      <Filter>algo\registration\as rigid as possible</Filter>
    </ClCompile>
    <ClCompile Include="src\algo\registration\find_corresponding_points\find_corresponding_points.cpp">
      <Filter>algo\registration\find correspondences</Filter>
    </ClCompile>
    <ClCompile Include="src\algo\registration\embedded_deformation\ed.cpp">
      <Filter>algo\registration\embedded deformation</Filter>
    </ClCompile>
    <ClCompile Include="src\algo\file_writer.cpp">
      <Filter>algo\helper</Filter>
    </ClCompile>
    <ClCompile Include="src\algo\ceres_iteration_logger.cpp">
      <Filter>algo\helper</Filter>
    </ClCompile>
    <ClCompile Include="src\algo\evaluate_registration.cpp">
      <Filter>algo\evaluate registration</Filter>
    </ClCompile>
    <ClCompile Include="src\algo\mesh_knn.cpp">
      <Filter>algo\evaluate registration</Filter>
    </ClCompile>
    <ClCompile Include="src\algo\registration\deformation_graph\deformation_graph.cpp">
      <Filter>algo\registration\deformation graph</Filter>
    </ClCompile>
    <ClCompile Include="src\algo\surface_mesh\mesh_convertion.cpp">
      <Filter>algo\surface mesh</Filter>
    </ClCompile>
    <ClCompile Include="src\algo\surface_mesh\nearest_neighbor_search.cpp">
      <Filter>algo\surface mesh</Filter>
    </ClCompile>
    <ClCompile Include="src\algo\registration\embedded_deformation\ed_deformation.cpp">
      <Filter>algo\registration\embedded deformation</Filter>
    </ClCompile>
    <ClCompile Include="src\algo\registration\arap\arap_deformation.cpp">
      <Filter>algo\registration\as rigid as possible</Filter>
    </ClCompile>
    <ClCompile Include="src\algo\registration\rigid_registration\rigid_deformation.cpp">
      <Filter>algo\registration\rigid registration</Filter>
    </ClCompile>
    <ClCompile Include="src\algo\registration\rigid_registration\rigid_registration.cpp">
      <Filter>algo\registration\rigid registration</Filter>
    </ClCompile>
    <ClCompile Include="src\algo\registration\rigid_registration\rigid_deformed_mesh.cpp">
      <Filter>algo\registration\rigid registration</Filter>
    </ClCompile>
    <ClCompile Include="src\algo\registration\deformation_graph\position_and_deformation.cpp">
      <Filter>algo\registration\deformation graph</Filter>
    </ClCompile>
    <ClCompile Include="src\algo\registration\deformation_graph\deformed_mesh.cpp">
      <Filter>algo\registration\deformation graph</Filter>
    </ClCompile>
    <ClCompile Include="src\algo\registration\sequence_registration\sequence_registration.cpp">
      <Filter>algo\registration\sequence registration</Filter>
    </ClCompile>
    <ClCompile Include="src\visualize\render\render_registration.cpp">
      <Filter>visualize\render</Filter>
    </ClCompile>
    <ClCompile Include="src\visualize\render\render_sequence_registration.cpp">
      <Filter>visualize\render</Filter>
    </ClCompile>
    <ClCompile Include="src\visualize\render\meshRenderer.cpp">
      <Filter>visualize\render</Filter>
    </ClCompile>
    <ClCompile Include="src\visualize\render\pointsRenderer.cpp">
      <Filter>visualize\render</Filter>
    </ClCompile>
    <ClCompile Include="src\visualize\render\render_deformation_graph.cpp">
      <Filter>visualize\render</Filter>
    </ClCompile>
  </ItemGroup>
  <ItemGroup>
    <FxCompile Include="shaders\pointCloud.hlsl">
      <Filter>shaders</Filter>
    </FxCompile>
    <FxCompile Include="shaders\test.hlsl">
      <Filter>shaders</Filter>
    </FxCompile>
  </ItemGroup>
  <ItemGroup>
    <None Include="mLib\include\core-mesh\triMeshCollisionAccelerator.inl">
      <Filter>mLibHeader\core-mesh</Filter>
    </None>
    <None Include="mLib\include\core-mesh\triMeshRayAccelerator.inl">
      <Filter>mLibHeader\core-mesh</Filter>
    </None>
  </ItemGroup>
</Project>